
Microsoft Visual Studio Solution File, Format Version 12.00
# Visual Studio Version 17
VisualStudioVersion = 17.9.34728.123
MinimumVisualStudioVersion = 10.0.40219.1
Project("{FAE04EC0-301F-11D3-BF4B-00C04F79EFBC}") = "BlazorSample", "BlazorSample\BlazorSample.csproj", "{6DB1C305-992D-4CA0-9FE8-C6CB3E981653}"
EndProject
Global
	GlobalSection(SolutionConfigurationPlatforms) = preSolution
		Debug|Any CPU = Debug|Any CPU
		Release|Any CPU = Release|Any CPU
	EndGlobalSection
	GlobalSection(ProjectConfigurationPlatforms) = postSolution
		{6DB1C305-992D-4CA0-9FE8-C6CB3E981653}.Debug|Any CPU.ActiveCfg = Debug|Any CPU
		{6DB1C305-992D-4CA0-9FE8-C6CB3E981653}.Debug|Any CPU.Build.0 = Debug|Any CPU
		{6DB1C305-992D-4CA0-9FE8-C6CB3E981653}.Release|Any CPU.ActiveCfg = Release|Any CPU
		{6DB1C305-992D-4CA0-9FE8-C6CB3E981653}.Release|Any CPU.Build.0 = Release|Any CPU
	EndGlobalSection
	GlobalSection(SolutionProperties) = preSolution
		HideSolutionNode = FALSE
	EndGlobalSection
	GlobalSection(ExtensibilityGlobals) = postSolution
		SolutionGuid = {3F6A6880-3CF4-406D-869B-06109CD07720}
	EndGlobalSection
EndGlobal
