
Microsoft Visual Studio Solution File, Format Version 12.00
# Visual Studio 14
VisualStudioVersion = 14.0.25420.1
MinimumVisualStudioVersion = 10.0.40219.1
Project("{FAE04EC0-301F-11D3-BF4B-00C04F79EFBC}") = "QueryTools_Leaflet", "Leaflet\QueryTools_Leaflet.csproj", "{9C850B30-5C49-49AF-832C-8C1E4B28B37D}"
EndProject
Project("{FAE04EC0-301F-11D3-BF4B-00C04F79EFBC}") = "QueryTools_Openlayers", "OpenLayers\QueryTools_Openlayers.csproj", "{592DA94E-62F4-406B-9C3A-EB774591B3F5}"
EndProject
Global
	GlobalSection(SolutionConfigurationPlatforms) = preSolution
		Code Analysis|Any CPU = Code Analysis|Any CPU
		Code Analysis|x64 = Code Analysis|x64
		Code Analysis|x86 = Code Analysis|x86
		Debug|Any CPU = Debug|Any CPU
		Debug|x64 = Debug|x64
		Debug|x86 = Debug|x86
		Evaluation|Any CPU = Evaluation|Any CPU
		Evaluation|x64 = Evaluation|x64
		Evaluation|x86 = Evaluation|x86
		Full|Any CPU = Full|Any CPU
		Full|x64 = Full|x64
		Full|x86 = Full|x86
		GISEditorUnitTest|Any CPU = GISEditorUnitTest|Any CPU
		GISEditorUnitTest|x64 = GISEditorUnitTest|x64
		GISEditorUnitTest|x86 = GISEditorUnitTest|x86
		newBuildOption|Any CPU = newBuildOption|Any CPU
		newBuildOption|x64 = newBuildOption|x64
		newBuildOption|x86 = newBuildOption|x86
		Performance|Any CPU = Performance|Any CPU
		Performance|x64 = Performance|x64
		Performance|x86 = Performance|x86
		ReadOnly|Any CPU = ReadOnly|Any CPU
		ReadOnly|x64 = ReadOnly|x64
		ReadOnly|x86 = ReadOnly|x86
		Release|Any CPU = Release|Any CPU
		Release|x64 = Release|x64
		Release|x86 = Release|x86
		RoutingFull|Any CPU = RoutingFull|Any CPU
		RoutingFull|x64 = RoutingFull|x64
		RoutingFull|x86 = RoutingFull|x86
		RunTime|Any CPU = RunTime|Any CPU
		RunTime|x64 = RunTime|x64
		RunTime|x86 = RunTime|x86
		TGLICENSE|Any CPU = TGLICENSE|Any CPU
		TGLICENSE|x64 = TGLICENSE|x64
		TGLICENSE|x86 = TGLICENSE|x86
	EndGlobalSection
	GlobalSection(ProjectConfigurationPlatforms) = postSolution
		{9C850B30-5C49-49AF-832C-8C1E4B28B37D}.Code Analysis|Any CPU.ActiveCfg = Release|Any CPU
		{9C850B30-5C49-49AF-832C-8C1E4B28B37D}.Code Analysis|Any CPU.Build.0 = Release|Any CPU
		{9C850B30-5C49-49AF-832C-8C1E4B28B37D}.Code Analysis|x64.ActiveCfg = Release|Any CPU
		{9C850B30-5C49-49AF-832C-8C1E4B28B37D}.Code Analysis|x86.ActiveCfg = Release|Any CPU
		{9C850B30-5C49-49AF-832C-8C1E4B28B37D}.Debug|Any CPU.ActiveCfg = Debug|Any CPU
		{9C850B30-5C49-49AF-832C-8C1E4B28B37D}.Debug|Any CPU.Build.0 = Debug|Any CPU
		{9C850B30-5C49-49AF-832C-8C1E4B28B37D}.Debug|x64.ActiveCfg = Debug|Any CPU
		{9C850B30-5C49-49AF-832C-8C1E4B28B37D}.Debug|x86.ActiveCfg = Debug|Any CPU
		{9C850B30-5C49-49AF-832C-8C1E4B28B37D}.Debug|x86.Build.0 = Debug|Any CPU
		{9C850B30-5C49-49AF-832C-8C1E4B28B37D}.Evaluation|Any CPU.ActiveCfg = Release|Any CPU
		{9C850B30-5C49-49AF-832C-8C1E4B28B37D}.Evaluation|Any CPU.Build.0 = Release|Any CPU
		{9C850B30-5C49-49AF-832C-8C1E4B28B37D}.Evaluation|x64.ActiveCfg = Release|Any CPU
		{9C850B30-5C49-49AF-832C-8C1E4B28B37D}.Evaluation|x86.ActiveCfg = Release|Any CPU
		{9C850B30-5C49-49AF-832C-8C1E4B28B37D}.Full|Any CPU.ActiveCfg = Release|Any CPU
		{9C850B30-5C49-49AF-832C-8C1E4B28B37D}.Full|Any CPU.Build.0 = Release|Any CPU
		{9C850B30-5C49-49AF-832C-8C1E4B28B37D}.Full|x64.ActiveCfg = Release|Any CPU
		{9C850B30-5C49-49AF-832C-8C1E4B28B37D}.Full|x86.ActiveCfg = Release|Any CPU
		{9C850B30-5C49-49AF-832C-8C1E4B28B37D}.GISEditorUnitTest|Any CPU.ActiveCfg = Release|Any CPU
		{9C850B30-5C49-49AF-832C-8C1E4B28B37D}.GISEditorUnitTest|Any CPU.Build.0 = Release|Any CPU
		{9C850B30-5C49-49AF-832C-8C1E4B28B37D}.GISEditorUnitTest|x64.ActiveCfg = Release|Any CPU
		{9C850B30-5C49-49AF-832C-8C1E4B28B37D}.GISEditorUnitTest|x86.ActiveCfg = Release|Any CPU
		{9C850B30-5C49-49AF-832C-8C1E4B28B37D}.newBuildOption|Any CPU.ActiveCfg = Release|Any CPU
		{9C850B30-5C49-49AF-832C-8C1E4B28B37D}.newBuildOption|Any CPU.Build.0 = Release|Any CPU
		{9C850B30-5C49-49AF-832C-8C1E4B28B37D}.newBuildOption|x64.ActiveCfg = Release|Any CPU
		{9C850B30-5C49-49AF-832C-8C1E4B28B37D}.newBuildOption|x86.ActiveCfg = Release|Any CPU
		{9C850B30-5C49-49AF-832C-8C1E4B28B37D}.Performance|Any CPU.ActiveCfg = Release|Any CPU
		{9C850B30-5C49-49AF-832C-8C1E4B28B37D}.Performance|Any CPU.Build.0 = Release|Any CPU
		{9C850B30-5C49-49AF-832C-8C1E4B28B37D}.Performance|x64.ActiveCfg = Release|Any CPU
		{9C850B30-5C49-49AF-832C-8C1E4B28B37D}.Performance|x86.ActiveCfg = Release|Any CPU
		{9C850B30-5C49-49AF-832C-8C1E4B28B37D}.ReadOnly|Any CPU.ActiveCfg = Release|Any CPU
		{9C850B30-5C49-49AF-832C-8C1E4B28B37D}.ReadOnly|Any CPU.Build.0 = Release|Any CPU
		{9C850B30-5C49-49AF-832C-8C1E4B28B37D}.ReadOnly|x64.ActiveCfg = Release|Any CPU
		{9C850B30-5C49-49AF-832C-8C1E4B28B37D}.ReadOnly|x86.ActiveCfg = Release|Any CPU
		{9C850B30-5C49-49AF-832C-8C1E4B28B37D}.Release|Any CPU.ActiveCfg = Release|Any CPU
		{9C850B30-5C49-49AF-832C-8C1E4B28B37D}.Release|Any CPU.Build.0 = Release|Any CPU
		{9C850B30-5C49-49AF-832C-8C1E4B28B37D}.Release|x64.ActiveCfg = Release|Any CPU
		{9C850B30-5C49-49AF-832C-8C1E4B28B37D}.Release|x86.ActiveCfg = Release|Any CPU
		{9C850B30-5C49-49AF-832C-8C1E4B28B37D}.RoutingFull|Any CPU.ActiveCfg = Release|Any CPU
		{9C850B30-5C49-49AF-832C-8C1E4B28B37D}.RoutingFull|Any CPU.Build.0 = Release|Any CPU
		{9C850B30-5C49-49AF-832C-8C1E4B28B37D}.RoutingFull|x64.ActiveCfg = Release|Any CPU
		{9C850B30-5C49-49AF-832C-8C1E4B28B37D}.RoutingFull|x86.ActiveCfg = Release|Any CPU
		{9C850B30-5C49-49AF-832C-8C1E4B28B37D}.RunTime|Any CPU.ActiveCfg = Release|Any CPU
		{9C850B30-5C49-49AF-832C-8C1E4B28B37D}.RunTime|Any CPU.Build.0 = Release|Any CPU
		{9C850B30-5C49-49AF-832C-8C1E4B28B37D}.RunTime|x64.ActiveCfg = Release|Any CPU
		{9C850B30-5C49-49AF-832C-8C1E4B28B37D}.RunTime|x86.ActiveCfg = Release|Any CPU
		{9C850B30-5C49-49AF-832C-8C1E4B28B37D}.TGLICENSE|Any CPU.ActiveCfg = Release|Any CPU
		{9C850B30-5C49-49AF-832C-8C1E4B28B37D}.TGLICENSE|Any CPU.Build.0 = Release|Any CPU
		{9C850B30-5C49-49AF-832C-8C1E4B28B37D}.TGLICENSE|x64.ActiveCfg = Release|Any CPU
		{9C850B30-5C49-49AF-832C-8C1E4B28B37D}.TGLICENSE|x86.ActiveCfg = Release|Any CPU
		{592DA94E-62F4-406B-9C3A-EB774591B3F5}.Code Analysis|Any CPU.ActiveCfg = Release|Any CPU
		{592DA94E-62F4-406B-9C3A-EB774591B3F5}.Code Analysis|Any CPU.Build.0 = Release|Any CPU
		{592DA94E-62F4-406B-9C3A-EB774591B3F5}.Code Analysis|x64.ActiveCfg = Release|Any CPU
		{592DA94E-62F4-406B-9C3A-EB774591B3F5}.Code Analysis|x86.ActiveCfg = Release|Any CPU
		{592DA94E-62F4-406B-9C3A-EB774591B3F5}.Debug|Any CPU.ActiveCfg = Debug|Any CPU
		{592DA94E-62F4-406B-9C3A-EB774591B3F5}.Debug|Any CPU.Build.0 = Debug|Any CPU
		{592DA94E-62F4-406B-9C3A-EB774591B3F5}.Debug|x64.ActiveCfg = Debug|Any CPU
		{592DA94E-62F4-406B-9C3A-EB774591B3F5}.Debug|x86.ActiveCfg = Debug|Any CPU
		{592DA94E-62F4-406B-9C3A-EB774591B3F5}.Debug|x86.Build.0 = Debug|Any CPU
		{592DA94E-62F4-406B-9C3A-EB774591B3F5}.Evaluation|Any CPU.ActiveCfg = Release|Any CPU
		{592DA94E-62F4-406B-9C3A-EB774591B3F5}.Evaluation|Any CPU.Build.0 = Release|Any CPU
		{592DA94E-62F4-406B-9C3A-EB774591B3F5}.Evaluation|x64.ActiveCfg = Release|Any CPU
		{592DA94E-62F4-406B-9C3A-EB774591B3F5}.Evaluation|x86.ActiveCfg = Release|Any CPU
		{592DA94E-62F4-406B-9C3A-EB774591B3F5}.Full|Any CPU.ActiveCfg = Release|Any CPU
		{592DA94E-62F4-406B-9C3A-EB774591B3F5}.Full|Any CPU.Build.0 = Release|Any CPU
		{592DA94E-62F4-406B-9C3A-EB774591B3F5}.Full|x64.ActiveCfg = Release|Any CPU
		{592DA94E-62F4-406B-9C3A-EB774591B3F5}.Full|x86.ActiveCfg = Release|Any CPU
		{592DA94E-62F4-406B-9C3A-EB774591B3F5}.GISEditorUnitTest|Any CPU.ActiveCfg = Release|Any CPU
		{592DA94E-62F4-406B-9C3A-EB774591B3F5}.GISEditorUnitTest|Any CPU.Build.0 = Release|Any CPU
		{592DA94E-62F4-406B-9C3A-EB774591B3F5}.GISEditorUnitTest|x64.ActiveCfg = Release|Any CPU
		{592DA94E-62F4-406B-9C3A-EB774591B3F5}.GISEditorUnitTest|x86.ActiveCfg = Release|Any CPU
		{592DA94E-62F4-406B-9C3A-EB774591B3F5}.newBuildOption|Any CPU.ActiveCfg = Release|Any CPU
		{592DA94E-62F4-406B-9C3A-EB774591B3F5}.newBuildOption|Any CPU.Build.0 = Release|Any CPU
		{592DA94E-62F4-406B-9C3A-EB774591B3F5}.newBuildOption|x64.ActiveCfg = Release|Any CPU
		{592DA94E-62F4-406B-9C3A-EB774591B3F5}.newBuildOption|x86.ActiveCfg = Release|Any CPU
		{592DA94E-62F4-406B-9C3A-EB774591B3F5}.Performance|Any CPU.ActiveCfg = Release|Any CPU
		{592DA94E-62F4-406B-9C3A-EB774591B3F5}.Performance|Any CPU.Build.0 = Release|Any CPU
		{592DA94E-62F4-406B-9C3A-EB774591B3F5}.Performance|x64.ActiveCfg = Release|Any CPU
		{592DA94E-62F4-406B-9C3A-EB774591B3F5}.Performance|x86.ActiveCfg = Release|Any CPU
		{592DA94E-62F4-406B-9C3A-EB774591B3F5}.ReadOnly|Any CPU.ActiveCfg = Release|Any CPU
		{592DA94E-62F4-406B-9C3A-EB774591B3F5}.ReadOnly|Any CPU.Build.0 = Release|Any CPU
		{592DA94E-62F4-406B-9C3A-EB774591B3F5}.ReadOnly|x64.ActiveCfg = Release|Any CPU
		{592DA94E-62F4-406B-9C3A-EB774591B3F5}.ReadOnly|x86.ActiveCfg = Release|Any CPU
		{592DA94E-62F4-406B-9C3A-EB774591B3F5}.Release|Any CPU.ActiveCfg = Release|Any CPU
		{592DA94E-62F4-406B-9C3A-EB774591B3F5}.Release|Any CPU.Build.0 = Release|Any CPU
		{592DA94E-62F4-406B-9C3A-EB774591B3F5}.Release|x64.ActiveCfg = Release|Any CPU
		{592DA94E-62F4-406B-9C3A-EB774591B3F5}.Release|x86.ActiveCfg = Release|Any CPU
		{592DA94E-62F4-406B-9C3A-EB774591B3F5}.RoutingFull|Any CPU.ActiveCfg = Release|Any CPU
		{592DA94E-62F4-406B-9C3A-EB774591B3F5}.RoutingFull|Any CPU.Build.0 = Release|Any CPU
		{592DA94E-62F4-406B-9C3A-EB774591B3F5}.RoutingFull|x64.ActiveCfg = Release|Any CPU
		{592DA94E-62F4-406B-9C3A-EB774591B3F5}.RoutingFull|x86.ActiveCfg = Release|Any CPU
		{592DA94E-62F4-406B-9C3A-EB774591B3F5}.RunTime|Any CPU.ActiveCfg = Release|Any CPU
		{592DA94E-62F4-406B-9C3A-EB774591B3F5}.RunTime|Any CPU.Build.0 = Release|Any CPU
		{592DA94E-62F4-406B-9C3A-EB774591B3F5}.RunTime|x64.ActiveCfg = Release|Any CPU
		{592DA94E-62F4-406B-9C3A-EB774591B3F5}.RunTime|x86.ActiveCfg = Release|Any CPU
		{592DA94E-62F4-406B-9C3A-EB774591B3F5}.TGLICENSE|Any CPU.ActiveCfg = Release|Any CPU
		{592DA94E-62F4-406B-9C3A-EB774591B3F5}.TGLICENSE|Any CPU.Build.0 = Release|Any CPU
		{592DA94E-62F4-406B-9C3A-EB774591B3F5}.TGLICENSE|x64.ActiveCfg = Release|Any CPU
		{592DA94E-62F4-406B-9C3A-EB774591B3F5}.TGLICENSE|x86.ActiveCfg = Release|Any CPU
	EndGlobalSection
	GlobalSection(SolutionProperties) = preSolution
		HideSolutionNode = FALSE
	EndGlobalSection
EndGlobal
