
Microsoft Visual Studio Solution File, Format Version 12.00
# Visual Studio 14
VisualStudioVersion = 14.0.25420.1
MinimumVisualStudioVersion = 10.0.40219.1
Project("{FAE04EC0-301F-11D3-BF4B-00C04F79EFBC}") = "GeometricFunctions_Leaflet", "Leaflet\GeometricFunctions_Leaflet.csproj", "{DC3F0D3A-CAAD-47C4-B358-5F0631A0A3FB}"
EndProject
Project("{FAE04EC0-301F-11D3-BF4B-00C04F79EFBC}") = "GeometricFunctions_Openlayers", "OpenLayers\GeometricFunctions_Openlayers.csproj", "{ED7B5380-0987-4A95-8A6A-5DFA91D8F1D3}"
EndProject
Global
	GlobalSection(SolutionConfigurationPlatforms) = preSolution
		Debug|Any CPU = Debug|Any CPU
		Release|Any CPU = Release|Any CPU
	EndGlobalSection
	GlobalSection(ProjectConfigurationPlatforms) = postSolution
		{DC3F0D3A-CAAD-47C4-B358-5F0631A0A3FB}.Debug|Any CPU.ActiveCfg = Debug|Any CPU
		{DC3F0D3A-CAAD-47C4-B358-5F0631A0A3FB}.Debug|Any CPU.Build.0 = Debug|Any CPU
		{DC3F0D3A-CAAD-47C4-B358-5F0631A0A3FB}.Release|Any CPU.ActiveCfg = Release|Any CPU
		{DC3F0D3A-CAAD-47C4-B358-5F0631A0A3FB}.Release|Any CPU.Build.0 = Release|Any CPU
		{ED7B5380-0987-4A95-8A6A-5DFA91D8F1D3}.Debug|Any CPU.ActiveCfg = Debug|Any CPU
		{ED7B5380-0987-4A95-8A6A-5DFA91D8F1D3}.Debug|Any CPU.Build.0 = Debug|Any CPU
		{ED7B5380-0987-4A95-8A6A-5DFA91D8F1D3}.Release|Any CPU.ActiveCfg = Release|Any CPU
		{ED7B5380-0987-4A95-8A6A-5DFA91D8F1D3}.Release|Any CPU.Build.0 = Release|Any CPU
	EndGlobalSection
	GlobalSection(SolutionProperties) = preSolution
		HideSolutionNode = FALSE
	EndGlobalSection
EndGlobal
