
Microsoft Visual Studio Solution File, Format Version 12.00
# Visual Studio 14
VisualStudioVersion = 14.0.25420.1
MinimumVisualStudioVersion = 10.0.40219.1
Project("{FAE04EC0-301F-11D3-BF4B-00C04F79EFBC}") = "Projection_Leaflet", "Leaflet\Projection_Leaflet.csproj", "{A5C4B38E-DA80-45D6-B389-AC1FB3A1DBF2}"
EndProject
Project("{FAE04EC0-301F-11D3-BF4B-00C04F79EFBC}") = "Projection_Openlayers", "Openlayers\Projection_Openlayers.csproj", "{F04AC43A-6B2B-4ADA-B985-7F4676BCA318}"
EndProject
Global
	GlobalSection(SolutionConfigurationPlatforms) = preSolution
		Debug|Any CPU = Debug|Any CPU
		Release|Any CPU = Release|Any CPU
	EndGlobalSection
	GlobalSection(ProjectConfigurationPlatforms) = postSolution
		{A5C4B38E-DA80-45D6-B389-AC1FB3A1DBF2}.Debug|Any CPU.ActiveCfg = Debug|Any CPU
		{A5C4B38E-DA80-45D6-B389-AC1FB3A1DBF2}.Debug|Any CPU.Build.0 = Debug|Any CPU
		{A5C4B38E-DA80-45D6-B389-AC1FB3A1DBF2}.Release|Any CPU.ActiveCfg = Release|Any CPU
		{A5C4B38E-DA80-45D6-B389-AC1FB3A1DBF2}.Release|Any CPU.Build.0 = Release|Any CPU
		{F04AC43A-6B2B-4ADA-B985-7F4676BCA318}.Debug|Any CPU.ActiveCfg = Debug|Any CPU
		{F04AC43A-6B2B-4ADA-B985-7F4676BCA318}.Debug|Any CPU.Build.0 = Debug|Any CPU
		{F04AC43A-6B2B-4ADA-B985-7F4676BCA318}.Release|Any CPU.ActiveCfg = Release|Any CPU
		{F04AC43A-6B2B-4ADA-B985-7F4676BCA318}.Release|Any CPU.Build.0 = Release|Any CPU
	EndGlobalSection
	GlobalSection(SolutionProperties) = preSolution
		HideSolutionNode = FALSE
	EndGlobalSection
EndGlobal
