
Microsoft Visual Studio Solution File, Format Version 12.00
# Visual Studio 15
VisualStudioVersion = 15.0.28307.136
MinimumVisualStudioVersion = 10.0.40219.1
Project("{FAE04EC0-301F-11D3-BF4B-00C04F79EFBC}") = "Geocoding", "Geocoding\Geocoding.csproj", "{6DCA364F-B9D9-45A5-896A-CA60573AA0CD}"
EndProject
Global
	GlobalSection(SolutionConfigurationPlatforms) = preSolution
		Debug|Any CPU = Debug|Any CPU
		Debug|x64 = Debug|x64
		Debug|x86 = Debug|x86
		PRODUCTION|Any CPU = PRODUCTION|Any CPU
		PRODUCTION|x64 = PRODUCTION|x64
		PRODUCTION|x86 = PRODUCTION|x86
		Release|Any CPU = Release|Any CPU
		Release|x64 = Release|x64
		Release|x86 = Release|x86
	EndGlobalSection
	GlobalSection(ProjectConfigurationPlatforms) = postSolution
		{6DCA364F-B9D9-45A5-896A-CA60573AA0CD}.Debug|Any CPU.ActiveCfg = Debug|Any CPU
		{6DCA364F-B9D9-45A5-896A-CA60573AA0CD}.Debug|Any CPU.Build.0 = Debug|Any CPU
		{6DCA364F-B9D9-45A5-896A-CA60573AA0CD}.Debug|x64.ActiveCfg = Debug|Any CPU
		{6DCA364F-B9D9-45A5-896A-CA60573AA0CD}.Debug|x64.Build.0 = Debug|Any CPU
		{6DCA364F-B9D9-45A5-896A-CA60573AA0CD}.Debug|x86.ActiveCfg = Debug|Any CPU
		{6DCA364F-B9D9-45A5-896A-CA60573AA0CD}.Debug|x86.Build.0 = Debug|Any CPU
		{6DCA364F-B9D9-45A5-896A-CA60573AA0CD}.PRODUCTION|Any CPU.ActiveCfg = Release|Any CPU
		{6DCA364F-B9D9-45A5-896A-CA60573AA0CD}.PRODUCTION|Any CPU.Build.0 = Release|Any CPU
		{6DCA364F-B9D9-45A5-896A-CA60573AA0CD}.PRODUCTION|x64.ActiveCfg = Release|Any CPU
		{6DCA364F-B9D9-45A5-896A-CA60573AA0CD}.PRODUCTION|x64.Build.0 = Release|Any CPU
		{6DCA364F-B9D9-45A5-896A-CA60573AA0CD}.PRODUCTION|x86.ActiveCfg = Release|Any CPU
		{6DCA364F-B9D9-45A5-896A-CA60573AA0CD}.PRODUCTION|x86.Build.0 = Release|Any CPU
		{6DCA364F-B9D9-45A5-896A-CA60573AA0CD}.Release|Any CPU.ActiveCfg = Release|Any CPU
		{6DCA364F-B9D9-45A5-896A-CA60573AA0CD}.Release|Any CPU.Build.0 = Release|Any CPU
		{6DCA364F-B9D9-45A5-896A-CA60573AA0CD}.Release|x64.ActiveCfg = Release|Any CPU
		{6DCA364F-B9D9-45A5-896A-CA60573AA0CD}.Release|x64.Build.0 = Release|Any CPU
		{6DCA364F-B9D9-45A5-896A-CA60573AA0CD}.Release|x86.ActiveCfg = Release|Any CPU
		{6DCA364F-B9D9-45A5-896A-CA60573AA0CD}.Release|x86.Build.0 = Release|Any CPU
	EndGlobalSection
	GlobalSection(SolutionProperties) = preSolution
		HideSolutionNode = FALSE
	EndGlobalSection
	GlobalSection(ExtensibilityGlobals) = postSolution
		SolutionGuid = {AEF9918B-CBAC-414A-AD75-92B70264B502}
	EndGlobalSection
EndGlobal
