
Microsoft Visual Studio Solution File, Format Version 12.00
# Visual Studio Version 17
VisualStudioVersion = 17.9.34728.123
MinimumVisualStudioVersion = 10.0.40219.1
Project("{9A19103F-16F7-4668-BE54-9A1E7A4F7556}") = "MvcSample", "MvcSample\MvcSample.csproj", "{6B0664BF-EE58-4F19-BD6C-2BC2E3150C25}"
EndProject
Global
	GlobalSection(SolutionConfigurationPlatforms) = preSolution
		Debug|Any CPU = Debug|Any CPU
		Release|Any CPU = Release|Any CPU
	EndGlobalSection
	GlobalSection(ProjectConfigurationPlatforms) = postSolution
		{6B0664BF-EE58-4F19-BD6C-2BC2E3150C25}.Debug|Any CPU.ActiveCfg = Debug|Any CPU
		{6B0664BF-EE58-4F19-BD6C-2BC2E3150C25}.Debug|Any CPU.Build.0 = Debug|Any CPU
		{6B0664BF-EE58-4F19-BD6C-2BC2E3150C25}.Release|Any CPU.ActiveCfg = Release|Any CPU
		{6B0664BF-EE58-4F19-BD6C-2BC2E3150C25}.Release|Any CPU.Build.0 = Release|Any CPU
	EndGlobalSection
	GlobalSection(SolutionProperties) = preSolution
		HideSolutionNode = FALSE
	EndGlobalSection
	GlobalSection(ExtensibilityGlobals) = postSolution
		SolutionGuid = {F531496F-27A9-4482-BB4E-478CC46E1B2C}
	EndGlobalSection
EndGlobal
