
Microsoft Visual Studio Solution File, Format Version 12.00
# Visual Studio 15
VisualStudioVersion = 15.0.28307.421
MinimumVisualStudioVersion = 10.0.40219.1
Project("{FAE04EC0-301F-11D3-BF4B-00C04F79EFBC}") = "ThinkGeoCloudVectorMapsSample_Openlayers", "Openlayers\ThinkGeoCloudVectorMapsSample_Openlayers.csproj", "{B530A112-6007-45C9-B502-6029761AD69D}"
EndProject
Project("{FAE04EC0-301F-11D3-BF4B-00C04F79EFBC}") = "ThinkGeoCloudVectorMapsSample_Leaflet", "Leaflet\ThinkGeoCloudVectorMapsSample_Leaflet.csproj", "{712F1C11-69DA-44CB-A019-E63A53C758C5}"
EndProject
Global
	GlobalSection(SolutionConfigurationPlatforms) = preSolution
		Debug|Any CPU = Debug|Any CPU
		Release|Any CPU = Release|Any CPU
	EndGlobalSection
	GlobalSection(ProjectConfigurationPlatforms) = postSolution
		{B530A112-6007-45C9-B502-6029761AD69D}.Debug|Any CPU.ActiveCfg = Debug|Any CPU
		{B530A112-6007-45C9-B502-6029761AD69D}.Debug|Any CPU.Build.0 = Debug|Any CPU
		{B530A112-6007-45C9-B502-6029761AD69D}.Release|Any CPU.ActiveCfg = Release|Any CPU
		{B530A112-6007-45C9-B502-6029761AD69D}.Release|Any CPU.Build.0 = Release|Any CPU
		{712F1C11-69DA-44CB-A019-E63A53C758C5}.Debug|Any CPU.ActiveCfg = Debug|Any CPU
		{712F1C11-69DA-44CB-A019-E63A53C758C5}.Debug|Any CPU.Build.0 = Debug|Any CPU
		{712F1C11-69DA-44CB-A019-E63A53C758C5}.Release|Any CPU.ActiveCfg = Release|Any CPU
		{712F1C11-69DA-44CB-A019-E63A53C758C5}.Release|Any CPU.Build.0 = Release|Any CPU
	EndGlobalSection
	GlobalSection(SolutionProperties) = preSolution
		HideSolutionNode = FALSE
	EndGlobalSection
	GlobalSection(ExtensibilityGlobals) = postSolution
		SolutionGuid = {FE26EE29-925F-4B5D-90DE-D5394610D669}
	EndGlobalSection
EndGlobal
