
Microsoft Visual Studio Solution File, Format Version 12.00
# Visual Studio 14
VisualStudioVersion = 14.0.25420.1
MinimumVisualStudioVersion = 10.0.40219.1
Project("{FAE04EC0-301F-11D3-BF4B-00C04F79EFBC}") = "Overlays_Leaflet", "Leaflet\Overlays_Leaflet.csproj", "{66A711D4-75CC-4718-A386-25A992AC5925}"
EndProject
Project("{FAE04EC0-301F-11D3-BF4B-00C04F79EFBC}") = "Overlays_Openlayers", "OpenLayers\Overlays_Openlayers.csproj", "{948E297B-82D6-401B-9920-B0E10699F579}"
EndProject
Global
	GlobalSection(SolutionConfigurationPlatforms) = preSolution
		Debug|Any CPU = Debug|Any CPU
		Release|Any CPU = Release|Any CPU
	EndGlobalSection
	GlobalSection(ProjectConfigurationPlatforms) = postSolution
		{66A711D4-75CC-4718-A386-25A992AC5925}.Debug|Any CPU.ActiveCfg = Debug|Any CPU
		{66A711D4-75CC-4718-A386-25A992AC5925}.Debug|Any CPU.Build.0 = Debug|Any CPU
		{66A711D4-75CC-4718-A386-25A992AC5925}.Release|Any CPU.ActiveCfg = Release|Any CPU
		{66A711D4-75CC-4718-A386-25A992AC5925}.Release|Any CPU.Build.0 = Release|Any CPU
		{948E297B-82D6-401B-9920-B0E10699F579}.Debug|Any CPU.ActiveCfg = Debug|Any CPU
		{948E297B-82D6-401B-9920-B0E10699F579}.Debug|Any CPU.Build.0 = Debug|Any CPU
		{948E297B-82D6-401B-9920-B0E10699F579}.Release|Any CPU.ActiveCfg = Release|Any CPU
		{948E297B-82D6-401B-9920-B0E10699F579}.Release|Any CPU.Build.0 = Release|Any CPU
	EndGlobalSection
	GlobalSection(SolutionProperties) = preSolution
		HideSolutionNode = FALSE
	EndGlobalSection
EndGlobal
