
Microsoft Visual Studio Solution File, Format Version 12.00
# Visual Studio Version 16
VisualStudioVersion = 16.0.29230.61
MinimumVisualStudioVersion = 10.0.40219.1
Project("{9A19103F-16F7-4668-BE54-9A1E7A4F7556}") = "ThinkGeo.UI.Blazor.HowDoI", "ThinkGeo.UI.Blazor.HowDoI\ThinkGeo.UI.Blazor.HowDoI.csproj", "{F28C42C7-78AB-4BB3-90F4-CB375B941F9E}"
EndProject
Global
	GlobalSection(SolutionConfigurationPlatforms) = preSolution
		Debug|Any CPU = Debug|Any CPU
		Release|Any CPU = Release|Any CPU
	EndGlobalSection
	GlobalSection(ProjectConfigurationPlatforms) = postSolution
		{F28C42C7-78AB-4BB3-90F4-CB375B941F9E}.Debug|Any CPU.ActiveCfg = Debug|Any CPU
		{F28C42C7-78AB-4BB3-90F4-CB375B941F9E}.Debug|Any CPU.Build.0 = Debug|Any CPU
		{F28C42C7-78AB-4BB3-90F4-CB375B941F9E}.Release|Any CPU.ActiveCfg = Release|Any CPU
		{F28C42C7-78AB-4BB3-90F4-CB375B941F9E}.Release|Any CPU.Build.0 = Release|Any CPU
	EndGlobalSection
	GlobalSection(SolutionProperties) = preSolution
		HideSolutionNode = FALSE
	EndGlobalSection
	GlobalSection(ExtensibilityGlobals) = postSolution
		SolutionGuid = {2E031B2A-8A1B-43D5-BEF8-6F719481D26F}
	EndGlobalSection
EndGlobal
