
Microsoft Visual Studio Solution File, Format Version 12.00
# Visual Studio 14
VisualStudioVersion = 14.0.25420.1
MinimumVisualStudioVersion = 10.0.40219.1
Project("{FAE04EC0-301F-11D3-BF4B-00C04F79EFBC}") = "Layers_Leaflet", "Leaflet\Layers_Leaflet.csproj", "{B740D8CC-D45E-4449-8BCF-EECB52F0CA11}"
EndProject
Project("{FAE04EC0-301F-11D3-BF4B-00C04F79EFBC}") = "Layers_Openlayers", "Openlayers\Layers_Openlayers.csproj", "{56CDA214-3027-4C53-B7E5-B96A40E475AB}"
EndProject
Global
	GlobalSection(SolutionConfigurationPlatforms) = preSolution
		Debug|Any CPU = Debug|Any CPU
		Release|Any CPU = Release|Any CPU
	EndGlobalSection
	GlobalSection(ProjectConfigurationPlatforms) = postSolution
		{B740D8CC-D45E-4449-8BCF-EECB52F0CA11}.Debug|Any CPU.ActiveCfg = Debug|Any CPU
		{B740D8CC-D45E-4449-8BCF-EECB52F0CA11}.Debug|Any CPU.Build.0 = Debug|Any CPU
		{B740D8CC-D45E-4449-8BCF-EECB52F0CA11}.Release|Any CPU.ActiveCfg = Release|Any CPU
		{B740D8CC-D45E-4449-8BCF-EECB52F0CA11}.Release|Any CPU.Build.0 = Release|Any CPU
		{56CDA214-3027-4C53-B7E5-B96A40E475AB}.Debug|Any CPU.ActiveCfg = Debug|Any CPU
		{56CDA214-3027-4C53-B7E5-B96A40E475AB}.Debug|Any CPU.Build.0 = Debug|Any CPU
		{56CDA214-3027-4C53-B7E5-B96A40E475AB}.Release|Any CPU.ActiveCfg = Release|Any CPU
		{56CDA214-3027-4C53-B7E5-B96A40E475AB}.Release|Any CPU.Build.0 = Release|Any CPU
	EndGlobalSection
	GlobalSection(SolutionProperties) = preSolution
		HideSolutionNode = FALSE
	EndGlobalSection
EndGlobal
