
Microsoft Visual Studio Solution File, Format Version 12.00
# Visual Studio Version 17
VisualStudioVersion = 17.3.32825.248
MinimumVisualStudioVersion = 10.0.40219.1
Project("{9A19103F-16F7-4668-BE54-9A1E7A4F7556}") = "BasicStyling_Leaflet", "Leaflet\BasicStyling_Leaflet.csproj", "{1E000686-7B26-481E-BD0A-4EA74541E83D}"
EndProject
Project("{9A19103F-16F7-4668-BE54-9A1E7A4F7556}") = "BasicStyling_Openlayers", "Openlayers\BasicStyling_Openlayers.csproj", "{D05D6338-9C57-4DC5-B614-5EAAB7FA8789}"
EndProject
Global
	GlobalSection(SolutionConfigurationPlatforms) = preSolution
		Debug_License|Any CPU = Debug_License|Any CPU
		Debug|Any CPU = Debug|Any CPU
		Release|Any CPU = Release|Any CPU
	EndGlobalSection
	GlobalSection(ProjectConfigurationPlatforms) = postSolution
		{1E000686-7B26-481E-BD0A-4EA74541E83D}.Debug_License|Any CPU.ActiveCfg = Debug|Any CPU
		{1E000686-7B26-481E-BD0A-4EA74541E83D}.Debug_License|Any CPU.Build.0 = Debug|Any CPU
		{1E000686-7B26-481E-BD0A-4EA74541E83D}.Debug|Any CPU.ActiveCfg = Debug|Any CPU
		{1E000686-7B26-481E-BD0A-4EA74541E83D}.Debug|Any CPU.Build.0 = Debug|Any CPU
		{1E000686-7B26-481E-BD0A-4EA74541E83D}.Release|Any CPU.ActiveCfg = Release|Any CPU
		{1E000686-7B26-481E-BD0A-4EA74541E83D}.Release|Any CPU.Build.0 = Release|Any CPU
		{D05D6338-9C57-4DC5-B614-5EAAB7FA8789}.Debug_License|Any CPU.ActiveCfg = Debug|Any CPU
		{D05D6338-9C57-4DC5-B614-5EAAB7FA8789}.Debug_License|Any CPU.Build.0 = Debug|Any CPU
		{D05D6338-9C57-4DC5-B614-5EAAB7FA8789}.Debug|Any CPU.ActiveCfg = Debug|Any CPU
		{D05D6338-9C57-4DC5-B614-5EAAB7FA8789}.Debug|Any CPU.Build.0 = Debug|Any CPU
		{D05D6338-9C57-4DC5-B614-5EAAB7FA8789}.Release|Any CPU.ActiveCfg = Release|Any CPU
		{D05D6338-9C57-4DC5-B614-5EAAB7FA8789}.Release|Any CPU.Build.0 = Release|Any CPU
	EndGlobalSection
	GlobalSection(SolutionProperties) = preSolution
		HideSolutionNode = FALSE
	EndGlobalSection
	GlobalSection(ExtensibilityGlobals) = postSolution
		SolutionGuid = {F6501F35-7DB0-41BA-815D-B33E7BAC0F8F}
	EndGlobalSection
EndGlobal
