
Microsoft Visual Studio Solution File, Format Version 12.00
# Visual Studio 14
VisualStudioVersion = 14.0.25420.1
MinimumVisualStudioVersion = 10.0.40219.1
Project("{FAE04EC0-301F-11D3-BF4B-00C04F79EFBC}") = "TopologyValidation_Leaflet", "Leaflet\TopologyValidation_Leaflet.csproj", "{C2F44862-7A41-419C-882B-7A924E336E5D}"
EndProject
Project("{FAE04EC0-301F-11D3-BF4B-00C04F79EFBC}") = "TopologyValidation_Openlayers", "Openlayers\TopologyValidation_Openlayers.csproj", "{36792B60-EB23-4F46-8BBC-DDD5CE9AC682}"
EndProject
Global
	GlobalSection(SolutionConfigurationPlatforms) = preSolution
		Debug|Any CPU = Debug|Any CPU
		Release|Any CPU = Release|Any CPU
	EndGlobalSection
	GlobalSection(ProjectConfigurationPlatforms) = postSolution
		{C2F44862-7A41-419C-882B-7A924E336E5D}.Debug|Any CPU.ActiveCfg = Debug|Any CPU
		{C2F44862-7A41-419C-882B-7A924E336E5D}.Debug|Any CPU.Build.0 = Debug|Any CPU
		{C2F44862-7A41-419C-882B-7A924E336E5D}.Release|Any CPU.ActiveCfg = Release|Any CPU
		{C2F44862-7A41-419C-882B-7A924E336E5D}.Release|Any CPU.Build.0 = Release|Any CPU
		{36792B60-EB23-4F46-8BBC-DDD5CE9AC682}.Debug|Any CPU.ActiveCfg = Debug|Any CPU
		{36792B60-EB23-4F46-8BBC-DDD5CE9AC682}.Debug|Any CPU.Build.0 = Debug|Any CPU
		{36792B60-EB23-4F46-8BBC-DDD5CE9AC682}.Release|Any CPU.ActiveCfg = Release|Any CPU
		{36792B60-EB23-4F46-8BBC-DDD5CE9AC682}.Release|Any CPU.Build.0 = Release|Any CPU
	EndGlobalSection
	GlobalSection(SolutionProperties) = preSolution
		HideSolutionNode = FALSE
	EndGlobalSection
EndGlobal
